PODS:
  - Flutter (1.0.0)
  - flutter_toast_plugin (0.0.1):
    - Flutter

DEPENDENCIES:
  - Flutter (from `Flutter`)
  - flutter_toast_plugin (from `.symlinks/plugins/flutter_toast_plugin/ios`)

EXTERNAL SOURCES:
  Flutter:
    :path: Flutter
  flutter_toast_plugin:
    :path: ".symlinks/plugins/flutter_toast_plugin/ios"

SPEC CHECKSUMS:
  Flutter: 0e3d915762c693b495b44d77113d4970485de6ec
  flutter_toast_plugin: 222c9e27a7297ecff1375ac409e867bbc5b86019

PODFILE CHECKSUM: 8e679eca47255a8ca8067c4c67aab20e64cb974d

COCOAPODS: 1.9.3
